// !$*UTF8*$!
{
	archiveVersion = 1;
	classes = {
	};
	objectVersion = 46;
	objects = {

/* Begin PBXBuildFile section */
		4521EE531CB2AF2A00E99193 /* MultiSegmentController.m in Sources */ = {isa = PBXBuildFile; fileRef = 4521EE4E1CB2AF2A00E99193 /* MultiSegmentController.m */; };
		4521EE541CB2AF2A00E99193 /* MultiSegmentControl.m in Sources */ = {isa = PBXBuildFile; fileRef = 4521EE501CB2AF2A00E99193 /* MultiSegmentControl.m */; };
		4521EE551CB2AF2A00E99193 /* MultiListView.m in Sources */ = {isa = PBXBuildFile; fileRef = 4521EE521CB2AF2A00E99193 /* MultiListView.m */; };
		4521EE581CB2B00700E99193 /* BaseViewController.m in Sources */ = {isa = PBXBuildFile; fileRef = 4521EE571CB2B00700E99193 /* BaseViewController.m */; };
		45A080E51B10910F0015B47C /* RedViewController.m in Sources */ = {isa = PBXBuildFile; fileRef = 45A080E41B10910F0015B47C /* RedViewController.m */; };
		45A080E81B10911B0015B47C /* GreenViewController.m in Sources */ = {isa = PBXBuildFile; fileRef = 45A080E71B10911B0015B47C /* GreenViewController.m */; };
		45A080EB1B10912A0015B47C /* BlueViewController.m in Sources */ = {isa = PBXBuildFile; fileRef = 45A080EA1B10912A0015B47C /* BlueViewController.m */; };
		45A080EE1B1091370015B47C /* YellowViewController.m in Sources */ = {isa = PBXBuildFile; fileRef = 45A080ED1B1091370015B47C /* YellowViewController.m */; };
		45A080F21B1099850015B47C /* VerticalRowScrollViewVC.m in Sources */ = {isa = PBXBuildFile; fileRef = 45A080F11B1099850015B47C /* VerticalRowScrollViewVC.m */; };
		45A080FC1B10A34F0015B47C /* AppleDownloadView.m in Sources */ = {isa = PBXBuildFile; fileRef = 45A080FB1B10A34F0015B47C /* AppleDownloadView.m */; };
		45A080FF1B117B750015B47C /* ProgressLayer.m in Sources */ = {isa = PBXBuildFile; fileRef = 45A080FE1B117B750015B47C /* ProgressLayer.m */; };
		45A081021B11C8410015B47C /* CGPathLayer.m in Sources */ = {isa = PBXBuildFile; fileRef = 45A081011B11C8410015B47C /* CGPathLayer.m */; };
		45A0810F1B11FED50015B47C /* ArrowRectViewController.m in Sources */ = {isa = PBXBuildFile; fileRef = 45A0810E1B11FED50015B47C /* ArrowRectViewController.m */; };
		45A081121B11FEE40015B47C /* ProgressViewController.m in Sources */ = {isa = PBXBuildFile; fileRef = 45A081111B11FEE40015B47C /* ProgressViewController.m */; };
		45A081151B11FF070015B47C /* AppleDownloadProgressController.m in Sources */ = {isa = PBXBuildFile; fileRef = 45A081141B11FF070015B47C /* AppleDownloadProgressController.m */; };
		45BD69051B21A6B600021D3C /* GradientProgressController.m in Sources */ = {isa = PBXBuildFile; fileRef = 45BD69041B21A6B600021D3C /* GradientProgressController.m */; };
		45BD69081B21A6E400021D3C /* CircleLayer.m in Sources */ = {isa = PBXBuildFile; fileRef = 45BD69071B21A6E400021D3C /* CircleLayer.m */; };
		45BD693E1B24B21E00021D3C /* LayerCreator.m in Sources */ = {isa = PBXBuildFile; fileRef = 45BD693D1B24B21E00021D3C /* LayerCreator.m */; };
		45BD69411B24B2ED00021D3C /* GradientCircleLayer.m in Sources */ = {isa = PBXBuildFile; fileRef = 45BD69401B24B2ED00021D3C /* GradientCircleLayer.m */; };
		5682F0DE1B0DAE8900D2F81D /* main.m in Sources */ = {isa = PBXBuildFile; fileRef = 5682F0DD1B0DAE8900D2F81D /* main.m */; };
		5682F0E11B0DAE8900D2F81D /* AppDelegate.m in Sources */ = {isa = PBXBuildFile; fileRef = 5682F0E01B0DAE8900D2F81D /* AppDelegate.m */; };
		5682F0E41B0DAE8900D2F81D /* ViewController.m in Sources */ = {isa = PBXBuildFile; fileRef = 5682F0E31B0DAE8900D2F81D /* ViewController.m */; };
		5682F0E71B0DAE8900D2F81D /* Main.storyboard in Resources */ = {isa = PBXBuildFile; fileRef = 5682F0E51B0DAE8900D2F81D /* Main.storyboard */; };
		5682F0E91B0DAE8900D2F81D /* Images.xcassets in Resources */ = {isa = PBXBuildFile; fileRef = 5682F0E81B0DAE8900D2F81D /* Images.xcassets */; };
		5682F0EC1B0DAE8900D2F81D /* LaunchScreen.xib in Resources */ = {isa = PBXBuildFile; fileRef = 5682F0EA1B0DAE8900D2F81D /* LaunchScreen.xib */; };
		5682F0F81B0DAE8900D2F81D /* MultiSegmentControllerTests.m in Sources */ = {isa = PBXBuildFile; fileRef = 5682F0F71B0DAE8900D2F81D /* MultiSegmentControllerTests.m */; };
		5682F1031B0DAEE700D2F81D /* BIArrowRectView.m in Sources */ = {isa = PBXBuildFile; fileRef = 5682F1021B0DAEE700D2F81D /* BIArrowRectView.m */; };
/* End PBXBuildFile section */

/* Begin PBXContainerItemProxy section */
		5682F0F21B0DAE8900D2F81D /* PBXContainerItemProxy */ = {
			isa = PBXContainerItemProxy;
			containerPortal = 5682F0D01B0DAE8900D2F81D /* Project object */;
			proxyType = 1;
			remoteGlobalIDString = 5682F0D71B0DAE8900D2F81D;
			remoteInfo = MultiSegmentController;
		};
/* End PBXContainerItemProxy section */

/* Begin PBXFileReference section */
		4521EE4D1CB2AF2A00E99193 /* MultiSegmentController.h */ = {isa = PBXFileReference; fileEncoding = 4; lastKnownFileType = sourcecode.c.h; path = MultiSegmentController.h; sourceTree = "<group>"; };
		4521EE4E1CB2AF2A00E99193 /* MultiSegmentController.m */ = {isa = PBXFileReference; fileEncoding = 4; lastKnownFileType = sourcecode.c.objc; path = MultiSegmentController.m; sourceTree = "<group>"; };
		4521EE4F1CB2AF2A00E99193 /* MultiSegmentControl.h */ = {isa = PBXFileReference; fileEncoding = 4; lastKnownFileType = sourcecode.c.h; path = MultiSegmentControl.h; sourceTree = "<group>"; };
		4521EE501CB2AF2A00E99193 /* MultiSegmentControl.m */ = {isa = PBXFileReference; fileEncoding = 4; lastKnownFileType = sourcecode.c.objc; path = MultiSegmentControl.m; sourceTree = "<group>"; };
		4521EE511CB2AF2A00E99193 /* MultiListView.h */ = {isa = PBXFileReference; fileEncoding = 4; lastKnownFileType = sourcecode.c.h; path = MultiListView.h; sourceTree = "<group>"; };
		4521EE521CB2AF2A00E99193 /* MultiListView.m */ = {isa = PBXFileReference; fileEncoding = 4; lastKnownFileType = sourcecode.c.objc; path = MultiListView.m; sourceTree = "<group>"; };
		4521EE561CB2B00700E99193 /* BaseViewController.h */ = {isa = PBXFileReference; fileEncoding = 4; lastKnownFileType = sourcecode.c.h; path = BaseViewController.h; sourceTree = "<group>"; };
		4521EE571CB2B00700E99193 /* BaseViewController.m */ = {isa = PBXFileReference; fileEncoding = 4; lastKnownFileType = sourcecode.c.objc; path = BaseViewController.m; sourceTree = "<group>"; };
		45A080E31B10910F0015B47C /* RedViewController.h */ = {isa = PBXFileReference; fileEncoding = 4; lastKnownFileType = sourcecode.c.h; path = RedViewController.h; sourceTree = "<group>"; };
		45A080E41B10910F0015B47C /* RedViewController.m */ = {isa = PBXFileReference; fileEncoding = 4; lastKnownFileType = sourcecode.c.objc; path = RedViewController.m; sourceTree = "<group>"; };
		45A080E61B10911B0015B47C /* GreenViewController.h */ = {isa = PBXFileReference; fileEncoding = 4; lastKnownFileType = sourcecode.c.h; path = GreenViewController.h; sourceTree = "<group>"; };
		45A080E71B10911B0015B47C /* GreenViewController.m */ = {isa = PBXFileReference; fileEncoding = 4; lastKnownFileType = sourcecode.c.objc; path = GreenViewController.m; sourceTree = "<group>"; };
		45A080E91B10912A0015B47C /* BlueViewController.h */ = {isa = PBXFileReference; fileEncoding = 4; lastKnownFileType = sourcecode.c.h; path = BlueViewController.h; sourceTree = "<group>"; };
		45A080EA1B10912A0015B47C /* BlueViewController.m */ = {isa = PBXFileReference; fileEncoding = 4; lastKnownFileType = sourcecode.c.objc; path = BlueViewController.m; sourceTree = "<group>"; };
		45A080EC1B1091370015B47C /* YellowViewController.h */ = {isa = PBXFileReference; fileEncoding = 4; lastKnownFileType = sourcecode.c.h; path = YellowViewController.h; sourceTree = "<group>"; };
		45A080ED1B1091370015B47C /* YellowViewController.m */ = {isa = PBXFileReference; fileEncoding = 4; lastKnownFileType = sourcecode.c.objc; path = YellowViewController.m; sourceTree = "<group>"; };
		45A080F01B1099850015B47C /* VerticalRowScrollViewVC.h */ = {isa = PBXFileReference; fileEncoding = 4; lastKnownFileType = sourcecode.c.h; path = VerticalRowScrollViewVC.h; sourceTree = "<group>"; };
		45A080F11B1099850015B47C /* VerticalRowScrollViewVC.m */ = {isa = PBXFileReference; fileEncoding = 4; lastKnownFileType = sourcecode.c.objc; path = VerticalRowScrollViewVC.m; sourceTree = "<group>"; };
		45A080FA1B10A34F0015B47C /* AppleDownloadView.h */ = {isa = PBXFileReference; fileEncoding = 4; lastKnownFileType = sourcecode.c.h; path = AppleDownloadView.h; sourceTree = "<group>"; };
		45A080FB1B10A34F0015B47C /* AppleDownloadView.m */ = {isa = PBXFileReference; fileEncoding = 4; lastKnownFileType = sourcecode.c.objc; path = AppleDownloadView.m; sourceTree = "<group>"; };
		45A080FD1B117B750015B47C /* ProgressLayer.h */ = {isa = PBXFileReference; fileEncoding = 4; lastKnownFileType = sourcecode.c.h; path = ProgressLayer.h; sourceTree = "<group>"; };
		45A080FE1B117B750015B47C /* ProgressLayer.m */ = {isa = PBXFileReference; fileEncoding = 4; lastKnownFileType = sourcecode.c.objc; path = ProgressLayer.m; sourceTree = "<group>"; };
		45A081001B11C8410015B47C /* CGPathLayer.h */ = {isa = PBXFileReference; fileEncoding = 4; lastKnownFileType = sourcecode.c.h; path = CGPathLayer.h; sourceTree = "<group>"; };
		45A081011B11C8410015B47C /* CGPathLayer.m */ = {isa = PBXFileReference; fileEncoding = 4; lastKnownFileType = sourcecode.c.objc; path = CGPathLayer.m; sourceTree = "<group>"; };
		45A0810D1B11FED50015B47C /* ArrowRectViewController.h */ = {isa = PBXFileReference; fileEncoding = 4; lastKnownFileType = sourcecode.c.h; path = ArrowRectViewController.h; sourceTree = "<group>"; };
		45A0810E1B11FED50015B47C /* ArrowRectViewController.m */ = {isa = PBXFileReference; fileEncoding = 4; lastKnownFileType = sourcecode.c.objc; path = ArrowRectViewController.m; sourceTree = "<group>"; };
		45A081101B11FEE40015B47C /* ProgressViewController.h */ = {isa = PBXFileReference; fileEncoding = 4; lastKnownFileType = sourcecode.c.h; path = ProgressViewController.h; sourceTree = "<group>"; };
		45A081111B11FEE40015B47C /* ProgressViewController.m */ = {isa = PBXFileReference; fileEncoding = 4; lastKnownFileType = sourcecode.c.objc; path = ProgressViewController.m; sourceTree = "<group>"; };
		45A081131B11FF070015B47C /* AppleDownloadProgressController.h */ = {isa = PBXFileReference; fileEncoding = 4; lastKnownFileType = sourcecode.c.h; path = AppleDownloadProgressController.h; sourceTree = "<group>"; };
		45A081141B11FF070015B47C /* AppleDownloadProgressController.m */ = {isa = PBXFileReference; fileEncoding = 4; lastKnownFileType = sourcecode.c.objc; path = AppleDownloadProgressController.m; sourceTree = "<group>"; };
		45BD69031B21A6B600021D3C /* GradientProgressController.h */ = {isa = PBXFileReference; fileEncoding = 4; lastKnownFileType = sourcecode.c.h; path = GradientProgressController.h; sourceTree = "<group>"; };
		45BD69041B21A6B600021D3C /* GradientProgressController.m */ = {isa = PBXFileReference; fileEncoding = 4; lastKnownFileType = sourcecode.c.objc; path = GradientProgressController.m; sourceTree = "<group>"; };
		45BD69061B21A6E400021D3C /* CircleLayer.h */ = {isa = PBXFileReference; fileEncoding = 4; lastKnownFileType = sourcecode.c.h; path = CircleLayer.h; sourceTree = "<group>"; };
		45BD69071B21A6E400021D3C /* CircleLayer.m */ = {isa = PBXFileReference; fileEncoding = 4; lastKnownFileType = sourcecode.c.objc; path = CircleLayer.m; sourceTree = "<group>"; };
		45BD693C1B24B21E00021D3C /* LayerCreator.h */ = {isa = PBXFileReference; fileEncoding = 4; lastKnownFileType = sourcecode.c.h; path = LayerCreator.h; sourceTree = "<group>"; };
		45BD693D1B24B21E00021D3C /* LayerCreator.m */ = {isa = PBXFileReference; fileEncoding = 4; lastKnownFileType = sourcecode.c.objc; path = LayerCreator.m; sourceTree = "<group>"; };
		45BD693F1B24B2ED00021D3C /* GradientCircleLayer.h */ = {isa = PBXFileReference; fileEncoding = 4; lastKnownFileType = sourcecode.c.h; path = GradientCircleLayer.h; sourceTree = "<group>"; };
		45BD69401B24B2ED00021D3C /* GradientCircleLayer.m */ = {isa = PBXFileReference; fileEncoding = 4; lastKnownFileType = sourcecode.c.objc; path = GradientCircleLayer.m; sourceTree = "<group>"; };
		5682F0D81B0DAE8900D2F81D /* MultiSegmentController.app */ = {isa = PBXFileReference; explicitFileType = wrapper.application; includeInIndex = 0; path = MultiSegmentController.app; sourceTree = BUILT_PRODUCTS_DIR; };
		5682F0DC1B0DAE8900D2F81D /* Info.plist */ = {isa = PBXFileReference; lastKnownFileType = text.plist.xml; path = Info.plist; sourceTree = "<group>"; };
		5682F0DD1B0DAE8900D2F81D /* main.m */ = {isa = PBXFileReference; lastKnownFileType = sourcecode.c.objc; path = main.m; sourceTree = "<group>"; };
		5682F0DF1B0DAE8900D2F81D /* AppDelegate.h */ = {isa = PBXFileReference; lastKnownFileType = sourcecode.c.h; path = AppDelegate.h; sourceTree = "<group>"; };
		5682F0E01B0DAE8900D2F81D /* AppDelegate.m */ = {isa = PBXFileReference; lastKnownFileType = sourcecode.c.objc; path = AppDelegate.m; sourceTree = "<group>"; };
		5682F0E21B0DAE8900D2F81D /* ViewController.h */ = {isa = PBXFileReference; lastKnownFileType = sourcecode.c.h; path = ViewController.h; sourceTree = "<group>"; };
		5682F0E31B0DAE8900D2F81D /* ViewController.m */ = {isa = PBXFileReference; lastKnownFileType = sourcecode.c.objc; path = ViewController.m; sourceTree = "<group>"; };
		5682F0E61B0DAE8900D2F81D /* Base */ = {isa = PBXFileReference; lastKnownFileType = file.storyboard; name = Base; path = Base.lproj/Main.storyboard; sourceTree = "<group>"; };
		5682F0E81B0DAE8900D2F81D /* Images.xcassets */ = {isa = PBXFileReference; lastKnownFileType = folder.assetcatalog; path = Images.xcassets; sourceTree = "<group>"; };
		5682F0EB1B0DAE8900D2F81D /* Base */ = {isa = PBXFileReference; lastKnownFileType = file.xib; name = Base; path = Base.lproj/LaunchScreen.xib; sourceTree = "<group>"; };
		5682F0F11B0DAE8900D2F81D /* MultiSegmentControllerTests.xctest */ = {isa = PBXFileReference; explicitFileType = wrapper.cfbundle; includeInIndex = 0; path = MultiSegmentControllerTests.xctest; sourceTree = BUILT_PRODUCTS_DIR; };
		5682F0F61B0DAE8900D2F81D /* Info.plist */ = {isa = PBXFileReference; lastKnownFileType = text.plist.xml; path = Info.plist; sourceTree = "<group>"; };
		5682F0F71B0DAE8900D2F81D /* MultiSegmentControllerTests.m */ = {isa = PBXFileReference; lastKnownFileType = sourcecode.c.objc; path = MultiSegmentControllerTests.m; sourceTree = "<group>"; };
		5682F1011B0DAEE700D2F81D /* BIArrowRectView.h */ = {isa = PBXFileReference; fileEncoding = 4; lastKnownFileType = sourcecode.c.h; path = BIArrowRectView.h; sourceTree = "<group>"; };
		5682F1021B0DAEE700D2F81D /* BIArrowRectView.m */ = {isa = PBXFileReference; fileEncoding = 4; lastKnownFileType = sourcecode.c.objc; path = BIArrowRectView.m; sourceTree = "<group>"; };
/* End PBXFileReference section */

/* Begin PBXFrameworksBuildPhase section */
		5682F0D51B0DAE8900D2F81D /* Frameworks */ = {
			isa = PBXFrameworksBuildPhase;
			buildActionMask = 2147483647;
			files = (
			);
			runOnlyForDeploymentPostprocessing = 0;
		};
		5682F0EE1B0DAE8900D2F81D /* Frameworks */ = {
			isa = PBXFrameworksBuildPhase;
			buildActionMask = 2147483647;
			files = (
			);
			runOnlyForDeploymentPostprocessing = 0;
		};
/* End PBXFrameworksBuildPhase section */

/* Begin PBXGroup section */
		459B3CD71B1206A400568215 /* BIArrowRectView */ = {
			isa = PBXGroup;
			children = (
				5682F1011B0DAEE700D2F81D /* BIArrowRectView.h */,
				5682F1021B0DAEE700D2F81D /* BIArrowRectView.m */,
				45A0810D1B11FED50015B47C /* ArrowRectViewController.h */,
				45A0810E1B11FED50015B47C /* ArrowRectViewController.m */,
			);
			name = BIArrowRectView;
			sourceTree = "<group>";
		};
		459B3CD81B1206B400568215 /* MultiListView */ = {
			isa = PBXGroup;
			children = (
				4521EE4D1CB2AF2A00E99193 /* MultiSegmentController.h */,
				4521EE4E1CB2AF2A00E99193 /* MultiSegmentController.m */,
				4521EE4F1CB2AF2A00E99193 /* MultiSegmentControl.h */,
				4521EE501CB2AF2A00E99193 /* MultiSegmentControl.m */,
				4521EE511CB2AF2A00E99193 /* MultiListView.h */,
				4521EE521CB2AF2A00E99193 /* MultiListView.m */,
			);
			name = MultiListView;
			sourceTree = "<group>";
		};
		459B3CD91B1206CE00568215 /* ProgressViews */ = {
			isa = PBXGroup;
			children = (
				45A080FD1B117B750015B47C /* ProgressLayer.h */,
				45A080FE1B117B750015B47C /* ProgressLayer.m */,
				45A081101B11FEE40015B47C /* ProgressViewController.h */,
				45A081111B11FEE40015B47C /* ProgressViewController.m */,
				45A081131B11FF070015B47C /* AppleDownloadProgressController.h */,
				45A081141B11FF070015B47C /* AppleDownloadProgressController.m */,
				45A080FA1B10A34F0015B47C /* AppleDownloadView.h */,
				45A080FB1B10A34F0015B47C /* AppleDownloadView.m */,
				45A081001B11C8410015B47C /* CGPathLayer.h */,
				45A081011B11C8410015B47C /* CGPathLayer.m */,
			);
			name = ProgressViews;
			sourceTree = "<group>";
		};
		45A080EF1B1096CC0015B47C /* colorVC */ = {
			isa = PBXGroup;
			children = (
				45A080E31B10910F0015B47C /* RedViewController.h */,
				45A080E41B10910F0015B47C /* RedViewController.m */,
				45A080E61B10911B0015B47C /* GreenViewController.h */,
				45A080E71B10911B0015B47C /* GreenViewController.m */,
				45A080E91B10912A0015B47C /* BlueViewController.h */,
				45A080EA1B10912A0015B47C /* BlueViewController.m */,
				45A080EC1B1091370015B47C /* YellowViewController.h */,
				45A080ED1B1091370015B47C /* YellowViewController.m */,
			);
			name = colorVC;
			sourceTree = "<group>";
		};
		45A081061B11FE3F0015B47C /* BaseTableController */ = {
			isa = PBXGroup;
			children = (
				4521EE561CB2B00700E99193 /* BaseViewController.h */,
				4521EE571CB2B00700E99193 /* BaseViewController.m */,
			);
			name = BaseTableController;
			sourceTree = "<group>";
		};
		45BD69021B21A68C00021D3C /* GradientProgress */ = {
			isa = PBXGroup;
			children = (
				45BD69031B21A6B600021D3C /* GradientProgressController.h */,
				45BD69041B21A6B600021D3C /* GradientProgressController.m */,
				45BD693C1B24B21E00021D3C /* LayerCreator.h */,
				45BD693D1B24B21E00021D3C /* LayerCreator.m */,
				45BD69061B21A6E400021D3C /* CircleLayer.h */,
				45BD69071B21A6E400021D3C /* CircleLayer.m */,
				45BD693F1B24B2ED00021D3C /* GradientCircleLayer.h */,
				45BD69401B24B2ED00021D3C /* GradientCircleLayer.m */,
			);
			name = GradientProgress;
			sourceTree = "<group>";
		};
		45BD693B1B24B15200021D3C /* Animate */ = {
			isa = PBXGroup;
			children = (
			);
			name = Animate;
			sourceTree = "<group>";
		};
		5682F0CF1B0DAE8900D2F81D = {
			isa = PBXGroup;
			children = (
				5682F0DA1B0DAE8900D2F81D /* MultiSegmentController */,
				5682F0F41B0DAE8900D2F81D /* MultiSegmentControllerTests */,
				5682F0D91B0DAE8900D2F81D /* Products */,
			);
			sourceTree = "<group>";
		};
		5682F0D91B0DAE8900D2F81D /* Products */ = {
			isa = PBXGroup;
			children = (
				5682F0D81B0DAE8900D2F81D /* MultiSegmentController.app */,
				5682F0F11B0DAE8900D2F81D /* MultiSegmentControllerTests.xctest */,
			);
			name = Products;
			sourceTree = "<group>";
		};
		5682F0DA1B0DAE8900D2F81D /* MultiSegmentController */ = {
			isa = PBXGroup;
			children = (
				5682F0DF1B0DAE8900D2F81D /* AppDelegate.h */,
				5682F0E01B0DAE8900D2F81D /* AppDelegate.m */,
				5682F0E21B0DAE8900D2F81D /* ViewController.h */,
				5682F0E31B0DAE8900D2F81D /* ViewController.m */,
				45A081061B11FE3F0015B47C /* BaseTableController */,
				45A080EF1B1096CC0015B47C /* colorVC */,
				459B3CD71B1206A400568215 /* BIArrowRectView */,
				459B3CD91B1206CE00568215 /* ProgressViews */,
				459B3CD81B1206B400568215 /* MultiListView */,
				45BD69021B21A68C00021D3C /* GradientProgress */,
				45A080F01B1099850015B47C /* VerticalRowScrollViewVC.h */,
				45A080F11B1099850015B47C /* VerticalRowScrollViewVC.m */,
				45BD693B1B24B15200021D3C /* Animate */,
				5682F0E51B0DAE8900D2F81D /* Main.storyboard */,
				5682F0E81B0DAE8900D2F81D /* Images.xcassets */,
				5682F0EA1B0DAE8900D2F81D /* LaunchScreen.xib */,
				5682F0DB1B0DAE8900D2F81D /* Supporting Files */,
			);
			path = MultiSegmentController;
			sourceTree = "<group>";
		};
		5682F0DB1B0DAE8900D2F81D /* Supporting Files */ = {
			isa = PBXGroup;
			children = (
				5682F0DC1B0DAE8900D2F81D /* Info.plist */,
				5682F0DD1B0DAE8900D2F81D /* main.m */,
			);
			name = "Supporting Files";
			sourceTree = "<group>";
		};
		5682F0F41B0DAE8900D2F81D /* MultiSegmentControllerTests */ = {
			isa = PBXGroup;
			children = (
				5682F0F71B0DAE8900D2F81D /* MultiSegmentControllerTests.m */,
				5682F0F51B0DAE8900D2F81D /* Supporting Files */,
			);
			path = MultiSegmentControllerTests;
			sourceTree = "<group>";
		};
		5682F0F51B0DAE8900D2F81D /* Supporting Files */ = {
			isa = PBXGroup;
			children = (
				5682F0F61B0DAE8900D2F81D /* Info.plist */,
			);
			name = "Supporting Files";
			sourceTree = "<group>";
		};
/* End PBXGroup section */

/* Begin PBXNativeTarget section */
		5682F0D71B0DAE8900D2F81D /* MultiSegmentController */ = {
			isa = PBXNativeTarget;
			buildConfigurationList = 5682F0FB1B0DAE8900D2F81D /* Build configuration list for PBXNativeTarget "MultiSegmentController" */;
			buildPhases = (
				5682F0D41B0DAE8900D2F81D /* Sources */,
				5682F0D51B0DAE8900D2F81D /* Frameworks */,
				5682F0D61B0DAE8900D2F81D /* Resources */,
			);
			buildRules = (
			);
			dependencies = (
			);
			name = MultiSegmentController;
			productName = MultiSegmentController;
			productReference = 5682F0D81B0DAE8900D2F81D /* MultiSegmentController.app */;
			productType = "com.apple.product-type.application";
		};
		5682F0F01B0DAE8900D2F81D /* MultiSegmentControllerTests */ = {
			isa = PBXNativeTarget;
			buildConfigurationList = 5682F0FE1B0DAE8900D2F81D /* Build configuration list for PBXNativeTarget "MultiSegmentControllerTests" */;
			buildPhases = (
				5682F0ED1B0DAE8900D2F81D /* Sources */,
				5682F0EE1B0DAE8900D2F81D /* Frameworks */,
				5682F0EF1B0DAE8900D2F81D /* Resources */,
			);
			buildRules = (
			);
			dependencies = (
				5682F0F31B0DAE8900D2F81D /* PBXTargetDependency */,
			);
			name = MultiSegmentControllerTests;
			productName = MultiSegmentControllerTests;
			productReference = 5682F0F11B0DAE8900D2F81D /* MultiSegmentControllerTests.xctest */;
			productType = "com.apple.product-type.bundle.unit-test";
		};
/* End PBXNativeTarget section */

/* Begin PBXProject section */
		5682F0D01B0DAE8900D2F81D /* Project object */ = {
			isa = PBXProject;
			attributes = {
				LastUpgradeCheck = 0630;
				ORGANIZATIONNAME = Binglin;
				TargetAttributes = {
					5682F0D71B0DAE8900D2F81D = {
						CreatedOnToolsVersion = 6.3;
					};
					5682F0F01B0DAE8900D2F81D = {
						CreatedOnToolsVersion = 6.3;
						TestTargetID = 5682F0D71B0DAE8900D2F81D;
					};
				};
			};
			buildConfigurationList = 5682F0D31B0DAE8900D2F81D /* Build configuration list for PBXProject "MultiSegmentController" */;
			compatibilityVersion = "Xcode 3.2";
			developmentRegion = English;
			hasScannedForEncodings = 0;
			knownRegions = (
				en,
				Base,
			);
			mainGroup = 5682F0CF1B0DAE8900D2F81D;
			productRefGroup = 5682F0D91B0DAE8900D2F81D /* Products */;
			projectDirPath = "";
			projectRoot = "";
			targets = (
				5682F0D71B0DAE8900D2F81D /* MultiSegmentController */,
				5682F0F01B0DAE8900D2F81D /* MultiSegmentControllerTests */,
			);
		};
/* End PBXProject section */

/* Begin PBXResourcesBuildPhase section */
		5682F0D61B0DAE8900D2F81D /* Resources */ = {
			isa = PBXResourcesBuildPhase;
			buildActionMask = 2147483647;
			files = (
				5682F0E71B0DAE8900D2F81D /* Main.storyboard in Resources */,
				5682F0EC1B0DAE8900D2F81D /* LaunchScreen.xib in Resources */,
				5682F0E91B0DAE8900D2F81D /* Images.xcassets in Resources */,
			);
			runOnlyForDeploymentPostprocessing = 0;
		};
		5682F0EF1B0DAE8900D2F81D /* Resources */ = {
			isa = PBXResourcesBuildPhase;
			buildActionMask = 2147483647;
			files = (
			);
			runOnlyForDeploymentPostprocessing = 0;
		};
/* End PBXResourcesBuildPhase section */

/* Begin PBXSourcesBuildPhase section */
		5682F0D41B0DAE8900D2F81D /* Sources */ = {
			isa = PBXSourcesBuildPhase;
			buildActionMask = 2147483647;
			files = (
				45A081151B11FF070015B47C /* AppleDownloadProgressController.m in Sources */,
				45A080F21B1099850015B47C /* VerticalRowScrollViewVC.m in Sources */,
				45A081121B11FEE40015B47C /* ProgressViewController.m in Sources */,
				45A080E81B10911B0015B47C /* GreenViewController.m in Sources */,
				5682F0E41B0DAE8900D2F81D /* ViewController.m in Sources */,
				4521EE541CB2AF2A00E99193 /* MultiSegmentControl.m in Sources */,
				45A080E51B10910F0015B47C /* RedViewController.m in Sources */,
				45A081021B11C8410015B47C /* CGPathLayer.m in Sources */,
				45A080FF1B117B750015B47C /* ProgressLayer.m in Sources */,
				45BD69411B24B2ED00021D3C /* GradientCircleLayer.m in Sources */,
				4521EE551CB2AF2A00E99193 /* MultiListView.m in Sources */,
				4521EE531CB2AF2A00E99193 /* MultiSegmentController.m in Sources */,
				45BD69051B21A6B600021D3C /* GradientProgressController.m in Sources */,
				5682F0E11B0DAE8900D2F81D /* AppDelegate.m in Sources */,
				45A0810F1B11FED50015B47C /* ArrowRectViewController.m in Sources */,
				5682F0DE1B0DAE8900D2F81D /* main.m in Sources */,
				45A080FC1B10A34F0015B47C /* AppleDownloadView.m in Sources */,
				45BD69081B21A6E400021D3C /* CircleLayer.m in Sources */,
				45A080EE1B1091370015B47C /* YellowViewController.m in Sources */,
				5682F1031B0DAEE700D2F81D /* BIArrowRectView.m in Sources */,
				45BD693E1B24B21E00021D3C /* LayerCreator.m in Sources */,
				45A080EB1B10912A0015B47C /* BlueViewController.m in Sources */,
				4521EE581CB2B00700E99193 /* BaseViewController.m in Sources */,
			);
			runOnlyForDeploymentPostprocessing = 0;
		};
		5682F0ED1B0DAE8900D2F81D /* Sources */ = {
			isa = PBXSourcesBuildPhase;
			buildActionMask = 2147483647;
			files = (
				5682F0F81B0DAE8900D2F81D /* MultiSegmentControllerTests.m in Sources */,
			);
			runOnlyForDeploymentPostprocessing = 0;
		};
/* End PBXSourcesBuildPhase section */

/* Begin PBXTargetDependency section */
		5682F0F31B0DAE8900D2F81D /* PBXTargetDependency */ = {
			isa = PBXTargetDependency;
			target = 5682F0D71B0DAE8900D2F81D /* MultiSegmentController */;
			targetProxy = 5682F0F21B0DAE8900D2F81D /* PBXContainerItemProxy */;
		};
/* End PBXTargetDependency section */

/* Begin PBXVariantGroup section */
		5682F0E51B0DAE8900D2F81D /* Main.storyboard */ = {
			isa = PBXVariantGroup;
			children = (
				5682F0E61B0DAE8900D2F81D /* Base */,
			);
			name = Main.storyboard;
			sourceTree = "<group>";
		};
		5682F0EA1B0DAE8900D2F81D /* LaunchScreen.xib */ = {
			isa = PBXVariantGroup;
			children = (
				5682F0EB1B0DAE8900D2F81D /* Base */,
			);
			name = LaunchScreen.xib;
			sourceTree = "<group>";
		};
/* End PBXVariantGroup section */

/* Begin XCBuildConfiguration section */
		5682F0F91B0DAE8900D2F81D /* Debug */ = {
			isa = XCBuildConfiguration;
			buildSettings = {
				ALWAYS_SEARCH_USER_PATHS = NO;
				CLANG_CXX_LANGUAGE_STANDARD = "gnu++0x";
				CLANG_CXX_LIBRARY = "libc++";
				CLANG_ENABLE_MODULES = YES;
				CLANG_ENABLE_OBJC_ARC = YES;
				CLANG_WARN_BOOL_CONVERSION = YES;
				CLANG_WARN_CONSTANT_CONVERSION = YES;
				CLANG_WARN_DIRECT_OBJC_ISA_USAGE = YES_ERROR;
				CLANG_WARN_EMPTY_BODY = YES;
				CLANG_WARN_ENUM_CONVERSION = YES;
				CLANG_WARN_INT_CONVERSION = YES;
				CLANG_WARN_OBJC_ROOT_CLASS = YES_ERROR;
				CLANG_WARN_UNREACHABLE_CODE = YES;
				CLANG_WARN__DUPLICATE_METHOD_MATCH = YES;
				"CODE_SIGN_IDENTITY[sdk=iphoneos*]" = "iPhone Developer";
				COPY_PHASE_STRIP = NO;
				DEBUG_INFORMATION_FORMAT = "dwarf-with-dsym";
				ENABLE_STRICT_OBJC_MSGSEND = YES;
				GCC_C_LANGUAGE_STANDARD = gnu99;
				GCC_DYNAMIC_NO_PIC = NO;
				GCC_NO_COMMON_BLOCKS = YES;
				GCC_OPTIMIZATION_LEVEL = 0;
				GCC_PREPROCESSOR_DEFINITIONS = (
					"DEBUG=1",
					"$(inherited)",
				);
				GCC_SYMBOLS_PRIVATE_EXTERN = NO;
				GCC_WARN_64_TO_32_BIT_CONVERSION = YES;
				GCC_WARN_ABOUT_RETURN_TYPE = YES_ERROR;
				GCC_WARN_UNDECLARED_SELECTOR = YES;
				GCC_WARN_UNINITIALIZED_AUTOS = YES_AGGRESSIVE;
				GCC_WARN_UNUSED_FUNCTION = YES;
				GCC_WARN_UNUSED_VARIABLE = YES;
				IPHONEOS_DEPLOYMENT_TARGET = 8.3;
				MTL_ENABLE_DEBUG_INFO = YES;
				ONLY_ACTIVE_ARCH = YES;
				SDKROOT = iphoneos;
				TARGETED_DEVICE_FAMILY = "1,2";
			};
			name = Debug;
		};
		5682F0FA1B0DAE8900D2F81D /* Release */ = {
			isa = XCBuildConfiguration;
			buildSettings = {
				ALWAYS_SEARCH_USER_PATHS = NO;
				CLANG_CXX_LANGUAGE_STANDARD = "gnu++0x";
				CLANG_CXX_LIBRARY = "libc++";
				CLANG_ENABLE_MODULES = YES;
				CLANG_ENABLE_OBJC_ARC = YES;
				CLANG_WARN_BOOL_CONVERSION = YES;
				CLANG_WARN_CONSTANT_CONVERSION = YES;
				CLANG_WARN_DIRECT_OBJC_ISA_USAGE = YES_ERROR;
				CLANG_WARN_EMPTY_BODY = YES;
				CLANG_WARN_ENUM_CONVERSION = YES;
				CLANG_WARN_INT_CONVERSION = YES;
				CLANG_WARN_OBJC_ROOT_CLASS = YES_ERROR;
				CLANG_WARN_UNREACHABLE_CODE = YES;
				CLANG_WARN__DUPLICATE_METHOD_MATCH = YES;
				"CODE_SIGN_IDENTITY[sdk=iphoneos*]" = "iPhone Developer";
				COPY_PHASE_STRIP = NO;
				DEBUG_INFORMATION_FORMAT = "dwarf-with-dsym";
				ENABLE_NS_ASSERTIONS = NO;
				ENABLE_STRICT_OBJC_MSGSEND = YES;
				GCC_C_LANGUAGE_STANDARD = gnu99;
				GCC_NO_COMMON_BLOCKS = YES;
				GCC_WARN_64_TO_32_BIT_CONVERSION = YES;
				GCC_WARN_ABOUT_RETURN_TYPE = YES_ERROR;
				GCC_WARN_UNDECLARED_SELECTOR = YES;
				GCC_WARN_UNINITIALIZED_AUTOS = YES_AGGRESSIVE;
				GCC_WARN_UNUSED_FUNCTION = YES;
				GCC_WARN_UNUSED_VARIABLE = YES;
				IPHONEOS_DEPLOYMENT_TARGET = 8.3;
				MTL_ENABLE_DEBUG_INFO = NO;
				SDKROOT = iphoneos;
				TARGETED_DEVICE_FAMILY = "1,2";
				VALIDATE_PRODUCT = YES;
			};
			name = Release;
		};
		5682F0FC1B0DAE8900D2F81D /* Debug */ = {
			isa = XCBuildConfiguration;
			buildSettings = {
				ASSETCATALOG_COMPILER_APPICON_NAME = AppIcon;
				INFOPLIST_FILE = MultiSegmentController/Info.plist;
				IPHONEOS_DEPLOYMENT_TARGET = 7.0;
				LD_RUNPATH_SEARCH_PATHS = "$(inherited) @executable_path/Frameworks";
				PRODUCT_NAME = "$(TARGET_NAME)";
			};
			name = Debug;
		};
		5682F0FD1B0DAE8900D2F81D /* Release */ = {
			isa = XCBuildConfiguration;
			buildSettings = {
				ASSETCATALOG_COMPILER_APPICON_NAME = AppIcon;
				INFOPLIST_FILE = MultiSegmentController/Info.plist;
				IPHONEOS_DEPLOYMENT_TARGET = 7.0;
				LD_RUNPATH_SEARCH_PATHS = "$(inherited) @executable_path/Frameworks";
				PRODUCT_NAME = "$(TARGET_NAME)";
			};
			name = Release;
		};
		5682F0FF1B0DAE8900D2F81D /* Debug */ = {
			isa = XCBuildConfiguration;
			buildSettings = {
				BUNDLE_LOADER = "$(TEST_HOST)";
				FRAMEWORK_SEARCH_PATHS = (
					"$(SDKROOT)/Developer/Library/Frameworks",
					"$(inherited)",
				);
				GCC_PREPROCESSOR_DEFINITIONS = (
					"DEBUG=1",
					"$(inherited)",
				);
				INFOPLIST_FILE = MultiSegmentControllerTests/Info.plist;
				LD_RUNPATH_SEARCH_PATHS = "$(inherited) @executable_path/Frameworks @loader_path/Frameworks";
				PRODUCT_NAME = "$(TARGET_NAME)";
				TEST_HOST = "$(BUILT_PRODUCTS_DIR)/MultiSegmentController.app/MultiSegmentController";
			};
			name = Debug;
		};
		5682F1001B0DAE8900D2F81D /* Release */ = {
			isa = XCBuildConfiguration;
			buildSettings = {
				BUNDLE_LOADER = "$(TEST_HOST)";
				FRAMEWORK_SEARCH_PATHS = (
					"$(SDKROOT)/Developer/Library/Frameworks",
					"$(inherited)",
				);
				INFOPLIST_FILE = MultiSegmentControllerTests/Info.plist;
				LD_RUNPATH_SEARCH_PATHS = "$(inherited) @executable_path/Frameworks @loader_path/Frameworks";
				PRODUCT_NAME = "$(TARGET_NAME)";
				TEST_HOST = "$(BUILT_PRODUCTS_DIR)/MultiSegmentController.app/MultiSegmentController";
			};
			name = Release;
		};
/* End XCBuildConfiguration section */

/* Begin XCConfigurationList section */
		5682F0D31B0DAE8900D2F81D /* Build configuration list for PBXProject "MultiSegmentController" */ = {
			isa = XCConfigurationList;
			buildConfigurations = (
				5682F0F91B0DAE8900D2F81D /* Debug */,
				5682F0FA1B0DAE8900D2F81D /* Release */,
			);
			defaultConfigurationIsVisible = 0;
			defaultConfigurationName = Release;
		};
		5682F0FB1B0DAE8900D2F81D /* Build configuration list for PBXNativeTarget "MultiSegmentController" */ = {
			isa = XCConfigurationList;
			buildConfigurations = (
				5682F0FC1B0DAE8900D2F81D /* Debug */,
				5682F0FD1B0DAE8900D2F81D /* Release */,
			);
			defaultConfigurationIsVisible = 0;
			defaultConfigurationName = Release;
		};
		5682F0FE1B0DAE8900D2F81D /* Build configuration list for PBXNativeTarget "MultiSegmentControllerTests" */ = {
			isa = XCConfigurationList;
			buildConfigurations = (
				5682F0FF1B0DAE8900D2F81D /* Debug */,
				5682F1001B0DAE8900D2F81D /* Release */,
			);
			defaultConfigurationIsVisible = 0;
			defaultConfigurationName = Release;
		};
/* End XCConfigurationList section */
	};
	rootObject = 5682F0D01B0DAE8900D2F81D /* Project object */;
}
